
Microsoft Visual Studio Solution File, Format Version 12.00
# Visual Studio 15
VisualStudioVersion = 15.0.28307.572
MinimumVisualStudioVersion = 10.0.40219.1
Project("{FAE04EC0-301F-11D3-BF4B-00C04F79EFBC}") = "AnalizadorLexico", "AnalizadorLexico\AnalizadorLexico.csproj", "{0E580111-10B3-4D9D-B943-27E43EAB9C93}"
EndProject
Global
	GlobalSection(SolutionConfigurationPlatforms) = preSolution
		Debug|Any CPU = Debug|Any CPU
		Release|Any CPU = Release|Any CPU
	EndGlobalSection
	GlobalSection(ProjectConfigurationPlatforms) = postSolution
		{0E580111-10B3-4D9D-B943-27E43EAB9C93}.Debug|Any CPU.ActiveCfg = Debug|Any CPU
		{0E580111-10B3-4D9D-B943-27E43EAB9C93}.Debug|Any CPU.Build.0 = Debug|Any CPU
		{0E580111-10B3-4D9D-B943-27E43EAB9C93}.Release|Any CPU.ActiveCfg = Release|Any CPU
		{0E580111-10B3-4D9D-B943-27E43EAB9C93}.Release|Any CPU.Build.0 = Release|Any CPU
	EndGlobalSection
	GlobalSection(SolutionProperties) = preSolution
		HideSolutionNode = FALSE
	EndGlobalSection
	GlobalSection(ExtensibilityGlobals) = postSolution
		SolutionGuid = {B5708689-5CBF-4EF0-82FF-428B1F89B877}
	EndGlobalSection
EndGlobal
